<?xml version="1.0" encoding="utf-8"?>
<Project ToolsVersion="4.0" xmlns="http://schemas.microsoft.com/developer/msbuild/2003">
  <ItemGroup>
    <CudaCompile Include="kernel.cu">
      <Filter>Sources</Filter>
    </CudaCompile>
    <CudaCompile Include="Renderer.cu">
      <Filter>Sources</Filter>
    </CudaCompile>
    <CudaCompile Include="Simulator.cu">
      <Filter>Sources</Filter>
    </CudaCompile>
  </ItemGroup>
  <ItemGroup>
    <ClCompile Include="Hydraulic Erosion.cpp">
      <Filter>Sources</Filter>
    </ClCompile>
    <ClCompile Include="glad.c">
      <Filter>Sources</Filter>
    </ClCompile>
  </ItemGroup>
  <ItemGroup>
    <ClInclude Include="Renderer.cuh">
      <Filter>Headers</Filter>
    </ClInclude>
    <ClInclude Include="Simulator.cuh">
      <Filter>Headers</Filter>
    </ClInclude>
    <ClInclude Include="Shader.h">
      <Filter>Headers</Filter>
    </ClInclude>
  </ItemGroup>
  <ItemGroup>
    <Filter Include="Headers">
      <UniqueIdentifier>{89267396-7de8-4497-b863-bf545767b2f4}</UniqueIdentifier>
    </Filter>
    <Filter Include="Sources">
      <UniqueIdentifier>{f5bdf65e-1951-4f84-a1a2-5b7e81ae686d}</UniqueIdentifier>
    </Filter>
    <Filter Include="Shaders">
      <UniqueIdentifier>{43bad9f9-2601-4167-b9dd-fbc432a1072b}</UniqueIdentifier>
    </Filter>
  </ItemGroup>
  <ItemGroup>
    <None Include="shader.fs">
      <Filter>Shaders</Filter>
    </None>
    <None Include="shader.vs">
      <Filter>Shaders</Filter>
    </None>
  </ItemGroup>
</Project>