
Microsoft Visual Studio Solution File, Format Version 12.00
# Visual Studio Version 16
VisualStudioVersion = 16.0.30413.136
MinimumVisualStudioVersion = 10.0.40219.1
Project("{8BC9CEB8-8B4A-11D0-8D11-00A0C91BC942}") = "Hydraulic Erosion", "Hydraulic Erosion.vcxproj", "{9CC7BE14-0514-4B5E-BE80-8AA137AFA93B}"
EndProject
Global
	GlobalSection(SolutionConfigurationPlatforms) = preSolution
		Debug|x64 = Debug|x64
		Release|x64 = Release|x64
	EndGlobalSection
	GlobalSection(ProjectConfigurationPlatforms) = postSolution
		{9CC7BE14-0514-4B5E-BE80-8AA137AFA93B}.Debug|x64.ActiveCfg = Debug|x64
		{9CC7BE14-0514-4B5E-BE80-8AA137AFA93B}.Debug|x64.Build.0 = Debug|x64
		{9CC7BE14-0514-4B5E-BE80-8AA137AFA93B}.Release|x64.ActiveCfg = Release|x64
		{9CC7BE14-0514-4B5E-BE80-8AA137AFA93B}.Release|x64.Build.0 = Release|x64
	EndGlobalSection
	GlobalSection(SolutionProperties) = preSolution
		HideSolutionNode = FALSE
	EndGlobalSection
	GlobalSection(ExtensibilityGlobals) = postSolution
		SolutionGuid = {87F5032B-F59E-44CB-8069-F0464E943761}
	EndGlobalSection
EndGlobal
